
Microsoft Visual Studio Solution File, Format Version 12.00
# Visual Studio Version 17
VisualStudioVersion = 17.9.34728.123
MinimumVisualStudioVersion = 10.0.40219.1
Project("{FAE04EC0-301F-11D3-BF4B-00C04F79EFBC}") = "MvcCoreKeyVault", "MvcCoreKeyVault.csproj", "{FEA112C2-5F35-484C-85FC-EEA0E88EEDE6}"
EndProject
Global
	GlobalSection(SolutionConfigurationPlatforms) = preSolution
		Debug|Any CPU = Debug|Any CPU
		Release|Any CPU = Release|Any CPU
	EndGlobalSection
	GlobalSection(ProjectConfigurationPlatforms) = postSolution
		{FEA112C2-5F35-484C-85FC-EEA0E88EEDE6}.Debug|Any CPU.ActiveCfg = Debug|Any CPU
		{FEA112C2-5F35-484C-85FC-EEA0E88EEDE6}.Debug|Any CPU.Build.0 = Debug|Any CPU
		{FEA112C2-5F35-484C-85FC-EEA0E88EEDE6}.Release|Any CPU.ActiveCfg = Release|Any CPU
		{FEA112C2-5F35-484C-85FC-EEA0E88EEDE6}.Release|Any CPU.Build.0 = Release|Any CPU
	EndGlobalSection
	GlobalSection(SolutionProperties) = preSolution
		HideSolutionNode = FALSE
	EndGlobalSection
	GlobalSection(ExtensibilityGlobals) = postSolution
		SolutionGuid = {03862A67-F565-44C2-988F-B9D40D42E49C}
	EndGlobalSection
EndGlobal
